
Microsoft Visual Studio Solution File, Format Version 12.00
# Visual Studio Version 16
VisualStudioVersion = 16.0.29326.143
MinimumVisualStudioVersion = 10.0.40219.1
Project("{FAE04EC0-301F-11D3-BF4B-00C04F79EFBC}") = "SeleniumCSharp", "SeleniumCSharp\SeleniumCSharp.csproj", "{FF41F1BD-AB31-4344-8487-5EF3AFCAA817}"
EndProject
Global
	GlobalSection(SolutionConfigurationPlatforms) = preSolution
		Debug|Any CPU = Debug|Any CPU
		Release|Any CPU = Release|Any CPU
	EndGlobalSection
	GlobalSection(ProjectConfigurationPlatforms) = postSolution
		{FF41F1BD-AB31-4344-8487-5EF3AFCAA817}.Debug|Any CPU.ActiveCfg = Debug|Any CPU
		{FF41F1BD-AB31-4344-8487-5EF3AFCAA817}.Debug|Any CPU.Build.0 = Debug|Any CPU
		{FF41F1BD-AB31-4344-8487-5EF3AFCAA817}.Release|Any CPU.ActiveCfg = Release|Any CPU
		{FF41F1BD-AB31-4344-8487-5EF3AFCAA817}.Release|Any CPU.Build.0 = Release|Any CPU
	EndGlobalSection
	GlobalSection(SolutionProperties) = preSolution
		HideSolutionNode = FALSE
	EndGlobalSection
	GlobalSection(ExtensibilityGlobals) = postSolution
		SolutionGuid = {9FAE4B80-A3BB-433D-AD66-6A366B176E36}
	EndGlobalSection
EndGlobal
